<?xml version="1.0" encoding="utf-8"?>
<Project ToolsVersion="4.0" xmlns="http://schemas.microsoft.com/developer/msbuild/2003">
  <ItemGroup>
    <Filter Include="ソース ファイル">
      <UniqueIdentifier>{4FC737F1-C7A5-4376-A066-2A32D752A2FF}</UniqueIdentifier>
      <Extensions>cpp;c;cc;cxx;def;odl;idl;hpj;bat;asm;asmx</Extensions>
    </Filter>
    <Filter Include="ヘッダー ファイル">
      <UniqueIdentifier>{93995380-89BD-4b04-88EB-625FBE52EBFB}</UniqueIdentifier>
      <Extensions>h;hh;hpp;hxx;hm;inl;inc;xsd</Extensions>
    </Filter>
    <Filter Include="リソース ファイル">
      <UniqueIdentifier>{67DA6AB6-F800-4c08-8B7A-83BB121AAD01}</UniqueIdentifier>
      <Extensions>rc;ico;cur;bmp;dlg;rc2;rct;bin;rgs;gif;jpg;jpeg;jpe;resx;tiff;tif;png;wav;mfcribbon-ms</Extensions>
    </Filter>
    <Filter Include="ヘッダー ファイル\math">
      <UniqueIdentifier>{aa6a932b-8a64-4417-a89e-5fad6f9272c9}</UniqueIdentifier>
    </Filter>
    <Filter Include="ヘッダー ファイル\container">
      <UniqueIdentifier>{46fab857-de8d-4e9b-937c-546d6d542c1c}</UniqueIdentifier>
    </Filter>
    <Filter Include="ヘッダー ファイル\gl">
      <UniqueIdentifier>{39e1d027-dfed-4868-9d83-e6be2a443469}</UniqueIdentifier>
    </Filter>
  </ItemGroup>
  <ItemGroup>
    <ClInclude Include="math\all.h">
      <Filter>ヘッダー ファイル\math</Filter>
    </ClInclude>
    <ClInclude Include="math\color.h">
      <Filter>ヘッダー ファイル\math</Filter>
    </ClInclude>
    <ClInclude Include="math\frustum.h">
      <Filter>ヘッダー ファイル\math</Filter>
    </ClInclude>
    <ClInclude Include="math\fwd.h">
      <Filter>ヘッダー ファイル\math</Filter>
    </ClInclude>
    <ClInclude Include="math\line.h">
      <Filter>ヘッダー ファイル\math</Filter>
    </ClInclude>
    <ClInclude Include="math\math_traits.h">
      <Filter>ヘッダー ファイル\math</Filter>
    </ClInclude>
    <ClInclude Include="math\matrix3x3.h">
      <Filter>ヘッダー ファイル\math</Filter>
    </ClInclude>
    <ClInclude Include="math\matrix4x4.h">
      <Filter>ヘッダー ファイル\math</Filter>
    </ClInclude>
    <ClInclude Include="math\plane.h">
      <Filter>ヘッダー ファイル\math</Filter>
    </ClInclude>
    <ClInclude Include="math\quaternion.h">
      <Filter>ヘッダー ファイル\math</Filter>
    </ClInclude>
    <ClInclude Include="math\ray.h">
      <Filter>ヘッダー ファイル\math</Filter>
    </ClInclude>
    <ClInclude Include="math\rectangle.h">
      <Filter>ヘッダー ファイル\math</Filter>
    </ClInclude>
    <ClInclude Include="math\simd_traits.h">
      <Filter>ヘッダー ファイル\math</Filter>
    </ClInclude>
    <ClInclude Include="math\template.h">
      <Filter>ヘッダー ファイル\math</Filter>
    </ClInclude>
    <ClInclude Include="math\vector2.h">
      <Filter>ヘッダー ファイル\math</Filter>
    </ClInclude>
    <ClInclude Include="math\vector3.h">
      <Filter>ヘッダー ファイル\math</Filter>
    </ClInclude>
    <ClInclude Include="math\vector4.h">
      <Filter>ヘッダー ファイル\math</Filter>
    </ClInclude>
    <ClInclude Include="container\array.h">
      <Filter>ヘッダー ファイル\container</Filter>
    </ClInclude>
    <ClInclude Include="behavior.h">
      <Filter>ヘッダー ファイル</Filter>
    </ClInclude>
    <ClInclude Include="char_traits.h">
      <Filter>ヘッダー ファイル</Filter>
    </ClInclude>
    <ClInclude Include="config.h">
      <Filter>ヘッダー ファイル</Filter>
    </ClInclude>
    <ClInclude Include="debug.h">
      <Filter>ヘッダー ファイル</Filter>
    </ClInclude>
    <ClInclude Include="fixed_array.h">
      <Filter>ヘッダー ファイル</Filter>
    </ClInclude>
    <ClInclude Include="fwd.h">
      <Filter>ヘッダー ファイル</Filter>
    </ClInclude>
    <ClInclude Include="io.h">
      <Filter>ヘッダー ファイル</Filter>
    </ClInclude>
    <ClInclude Include="nullobj.h">
      <Filter>ヘッダー ファイル</Filter>
    </ClInclude>
    <ClInclude Include="type_traits.h">
      <Filter>ヘッダー ファイル</Filter>
    </ClInclude>
    <ClInclude Include="gl\all.h">
      <Filter>ヘッダー ファイル\gl</Filter>
    </ClInclude>
    <ClInclude Include="gl\buffer.h">
      <Filter>ヘッダー ファイル\gl</Filter>
    </ClInclude>
    <ClInclude Include="gl\commands.h">
      <Filter>ヘッダー ファイル\gl</Filter>
    </ClInclude>
    <ClInclude Include="gl\config.h">
      <Filter>ヘッダー ファイル\gl</Filter>
    </ClInclude>
    <ClInclude Include="gl\fwd.h">
      <Filter>ヘッダー ファイル\gl</Filter>
    </ClInclude>
    <ClInclude Include="gl\gl.h">
      <Filter>ヘッダー ファイル\gl</Filter>
    </ClInclude>
    <ClInclude Include="gl\program.h">
      <Filter>ヘッダー ファイル\gl</Filter>
    </ClInclude>
    <ClInclude Include="gl\shader.h">
      <Filter>ヘッダー ファイル\gl</Filter>
    </ClInclude>
    <ClInclude Include="gl\template.h">
      <Filter>ヘッダー ファイル\gl</Filter>
    </ClInclude>
    <ClInclude Include="gl\buffer_base.h">
      <Filter>ヘッダー ファイル\gl</Filter>
    </ClInclude>
    <ClInclude Include="gl\buffer_view.h">
      <Filter>ヘッダー ファイル\gl</Filter>
    </ClInclude>
    <ClInclude Include="gl\uniform_buffer.h">
      <Filter>ヘッダー ファイル\gl</Filter>
    </ClInclude>
  </ItemGroup>
  <ItemGroup>
    <ClCompile Include="..\main.cpp">
      <Filter>ソース ファイル</Filter>
    </ClCompile>
  </ItemGroup>
  <ItemGroup>
    <None Include="..\test.frag">
      <Filter>リソース ファイル</Filter>
    </None>
    <None Include="..\test.vert">
      <Filter>リソース ファイル</Filter>
    </None>
  </ItemGroup>
</Project>